
Microsoft Visual Studio Solution File, Format Version 12.00
Project("{FAE04EC0-301F-11D3-BF4B-00C04F79EFBC}") = "Companio", "Companio\Companio.csproj", "{23DBF3E1-EAAC-4B5F-8767-CBA1686D3AAF}"
EndProject
Global
	GlobalSection(SolutionConfigurationPlatforms) = preSolution
		Debug|Any CPU = Debug|Any CPU
		Release|Any CPU = Release|Any CPU
	EndGlobalSection
	GlobalSection(ProjectConfigurationPlatforms) = postSolution
		{23DBF3E1-EAAC-4B5F-8767-CBA1686D3AAF}.Debug|Any CPU.ActiveCfg = Debug|Any CPU
		{23DBF3E1-EAAC-4B5F-8767-CBA1686D3AAF}.Debug|Any CPU.Build.0 = Debug|Any CPU
		{23DBF3E1-EAAC-4B5F-8767-CBA1686D3AAF}.Release|Any CPU.ActiveCfg = Release|Any CPU
		{23DBF3E1-EAAC-4B5F-8767-CBA1686D3AAF}.Release|Any CPU.Build.0 = Release|Any CPU
	EndGlobalSection
EndGlobal
